kind: ConfigMap
apiVersion: v1
metadata:
    name: ingress-gce-lock
    namespace: kube-system
    selfLink: /api/v1/namespaces/kube-system/configmaps/ingress-gce-lock
    uid: c02f9e07-3437-11ea-9cdc-42010a8001cf
    resourceVersion: '275531507'
    creationTimestamp: '2020-01-11T06:01:04Z'
    annotations:
        control-plane.alpha.kubernetes.io/leader: >-
            {"holderIdentity":"gke-f005108ec19aa6d238be-199c-0b48-vm_9ff7d","leaseDurationSeconds":15,"acquireTime":"2021-07-30T21:43:26Z","renewTime":"2021-08-03T01:21:20Z","leaderTransitions":40}

